
Microsoft Visual Studio Solution File, Format Version 12.00
# Visual Studio Version 17
VisualStudioVersion = 17.4.33213.308
MinimumVisualStudioVersion = 10.0.40219.1
Project("{FAE04EC0-301F-11D3-BF4B-00C04F79EFBC}") = "CityRestApi", "CityRestApi\CityRestApi.csproj", "{2B323BBF-2A8B-427E-ACB9-D7E1F11F7D67}"
EndProject
Global
	GlobalSection(SolutionConfigurationPlatforms) = preSolution
		Debug|Any CPU = Debug|Any CPU
		Release|Any CPU = Release|Any CPU
	EndGlobalSection
	GlobalSection(ProjectConfigurationPlatforms) = postSolution
		{2B323BBF-2A8B-427E-ACB9-D7E1F11F7D67}.Debug|Any CPU.ActiveCfg = Debug|Any CPU
		{2B323BBF-2A8B-427E-ACB9-D7E1F11F7D67}.Debug|Any CPU.Build.0 = Debug|Any CPU
		{2B323BBF-2A8B-427E-ACB9-D7E1F11F7D67}.Release|Any CPU.ActiveCfg = Release|Any CPU
		{2B323BBF-2A8B-427E-ACB9-D7E1F11F7D67}.Release|Any CPU.Build.0 = Release|Any CPU
	EndGlobalSection
	GlobalSection(SolutionProperties) = preSolution
		HideSolutionNode = FALSE
	EndGlobalSection
	GlobalSection(ExtensibilityGlobals) = postSolution
		SolutionGuid = {14991658-B076-4476-A672-8CFAB15E36B3}
	EndGlobalSection
EndGlobal
